
Microsoft Visual Studio Solution File, Format Version 12.00
# Visual Studio Version 16
VisualStudioVersion = 16.0.29102.190
MinimumVisualStudioVersion = 10.0.40219.1
Project("{FAE04EC0-301F-11D3-BF4B-00C04F79EFBC}") = "PPO.NETv2", "PPO.NETv2.csproj", "{6E8A8E3F-5778-40C3-8A49-74C524288CDD}"
EndProject
Project("{2150E333-8FDC-42A3-9474-1A3956D46DE8}") = "Gym", "Gym", "{25738B6F-DB05-4AC0-9DC9-D54A6F6CF5A2}"
EndProject
Project("{9A19103F-16F7-4668-BE54-9A1E7A4F7556}") = "Gym", "..\..\SciSharp\Gym.NET\src\Gym\Gym.csproj", "{C0B8B3EC-2E75-4A08-9220-1DB9B8583CBE}"
EndProject
Project("{9A19103F-16F7-4668-BE54-9A1E7A4F7556}") = "Gym.Environments", "..\..\SciSharp\Gym.NET\src\Gym.Environments\Gym.Environments.csproj", "{149F54F3-8396-443F-8DC6-672C7DB9C4AC}"
EndProject
Project("{9A19103F-16F7-4668-BE54-9A1E7A4F7556}") = "Gym.Rendering.WinForm", "..\..\SciSharp\Gym.NET\src\Gym.Rendering.WinForm\Gym.Rendering.WinForm.csproj", "{E35BC24B-0B25-4B28-B372-75BD67ECFC76}"
EndProject
Project("{2150E333-8FDC-42A3-9474-1A3956D46DE8}") = "Renderers", "Renderers", "{E9BC95B2-B399-4116-8B76-68796391818E}"
EndProject
Project("{2150E333-8FDC-42A3-9474-1A3956D46DE8}") = "TensorFlow.NET", "TensorFlow.NET", "{8996682B-E0BE-4098-AA42-0B3F791183EC}"
EndProject
Project("{9A19103F-16F7-4668-BE54-9A1E7A4F7556}") = "Tensorflow.Binding", "..\TensorFlow.NET\src\TensorFlowNET.Core\Tensorflow.Binding.csproj", "{FD682AC0-7B2D-45D3-8B0D-C6D678B04144}"
EndProject
Project("{9A19103F-16F7-4668-BE54-9A1E7A4F7556}") = "Tensorflow.Benchmark", "..\TensorFlow.NET\src\TensorFlowNet.Benchmarks\Tensorflow.Benchmark.csproj", "{3A6EB896-604F-4E25-B677-B8103BCF3D2E}"
EndProject
Project("{9A19103F-16F7-4668-BE54-9A1E7A4F7556}") = "Tensorflow.UnitTest", "..\TensorFlow.NET\test\TensorFlowNET.UnitTest\Tensorflow.UnitTest.csproj", "{23C28035-2FCE-41F3-9A12-E73CE8A5AE32}"
EndProject
Project("{9A19103F-16F7-4668-BE54-9A1E7A4F7556}") = "Tensorflow.Keras", "..\TensorFlow.NET\src\TensorFlowNET.Keras\Tensorflow.Keras.csproj", "{6268B461-486A-460B-9B3C-86493CBBAAF7}"
EndProject
Project("{9A19103F-16F7-4668-BE54-9A1E7A4F7556}") = "Tensorflow.Keras.UnitTest", "..\TensorFlow.NET\test\Tensorflow.Keras.UnitTest\Tensorflow.Keras.UnitTest.csproj", "{EB92DD90-6346-41FB-B967-2B33A860AD98}"
EndProject
Project("{9A19103F-16F7-4668-BE54-9A1E7A4F7556}") = "TensorFlowNET.Console", "..\TensorFlow.NET\src\TensorFlowNET.Console\TensorFlowNET.Console.csproj", "{03F06299-3F4B-4449-A709-3A647657BC0C}"
EndProject
Global
	GlobalSection(SolutionConfigurationPlatforms) = preSolution
		Debug|Any CPU = Debug|Any CPU
		Debug|x64 = Debug|x64
		Debug|x86 = Debug|x86
		Debug-Minimal|Any CPU = Debug-Minimal|Any CPU
		Debug-Minimal|x64 = Debug-Minimal|x64
		Debug-Minimal|x86 = Debug-Minimal|x86
		Publish|Any CPU = Publish|Any CPU
		Publish|x64 = Publish|x64
		Publish|x86 = Publish|x86
		Release|Any CPU = Release|Any CPU
		Release|x64 = Release|x64
		Release|x86 = Release|x86
	EndGlobalSection
	GlobalSection(ProjectConfigurationPlatforms) = postSolution
		{6E8A8E3F-5778-40C3-8A49-74C524288CDD}.Debug|Any CPU.ActiveCfg = Debug|Any CPU
		{6E8A8E3F-5778-40C3-8A49-74C524288CDD}.Debug|Any CPU.Build.0 = Debug|Any CPU
		{6E8A8E3F-5778-40C3-8A49-74C524288CDD}.Debug|x64.ActiveCfg = Debug|Any CPU
		{6E8A8E3F-5778-40C3-8A49-74C524288CDD}.Debug|x64.Build.0 = Debug|Any CPU
		{6E8A8E3F-5778-40C3-8A49-74C524288CDD}.Debug|x86.ActiveCfg = Debug|Any CPU
		{6E8A8E3F-5778-40C3-8A49-74C524288CDD}.Debug|x86.Build.0 = Debug|Any CPU
		{6E8A8E3F-5778-40C3-8A49-74C524288CDD}.Debug-Minimal|Any CPU.ActiveCfg = Debug|Any CPU
		{6E8A8E3F-5778-40C3-8A49-74C524288CDD}.Debug-Minimal|Any CPU.Build.0 = Debug|Any CPU
		{6E8A8E3F-5778-40C3-8A49-74C524288CDD}.Debug-Minimal|x64.ActiveCfg = Debug|Any CPU
		{6E8A8E3F-5778-40C3-8A49-74C524288CDD}.Debug-Minimal|x64.Build.0 = Debug|Any CPU
		{6E8A8E3F-5778-40C3-8A49-74C524288CDD}.Debug-Minimal|x86.ActiveCfg = Debug|Any CPU
		{6E8A8E3F-5778-40C3-8A49-74C524288CDD}.Debug-Minimal|x86.Build.0 = Debug|Any CPU
		{6E8A8E3F-5778-40C3-8A49-74C524288CDD}.Publish|Any CPU.ActiveCfg = Release|Any CPU
		{6E8A8E3F-5778-40C3-8A49-74C524288CDD}.Publish|Any CPU.Build.0 = Release|Any CPU
		{6E8A8E3F-5778-40C3-8A49-74C524288CDD}.Publish|x64.ActiveCfg = Release|Any CPU
		{6E8A8E3F-5778-40C3-8A49-74C524288CDD}.Publish|x64.Build.0 = Release|Any CPU
		{6E8A8E3F-5778-40C3-8A49-74C524288CDD}.Publish|x86.ActiveCfg = Release|Any CPU
		{6E8A8E3F-5778-40C3-8A49-74C524288CDD}.Publish|x86.Build.0 = Release|Any CPU
		{6E8A8E3F-5778-40C3-8A49-74C524288CDD}.Release|Any CPU.ActiveCfg = Release|Any CPU
		{6E8A8E3F-5778-40C3-8A49-74C524288CDD}.Release|Any CPU.Build.0 = Release|Any CPU
		{6E8A8E3F-5778-40C3-8A49-74C524288CDD}.Release|x64.ActiveCfg = Release|Any CPU
		{6E8A8E3F-5778-40C3-8A49-74C524288CDD}.Release|x64.Build.0 = Release|Any CPU
		{6E8A8E3F-5778-40C3-8A49-74C524288CDD}.Release|x86.ActiveCfg = Release|Any CPU
		{6E8A8E3F-5778-40C3-8A49-74C524288CDD}.Release|x86.Build.0 = Release|Any CPU
		{C0B8B3EC-2E75-4A08-9220-1DB9B8583CBE}.Debug|Any CPU.ActiveCfg = Debug|Any CPU
		{C0B8B3EC-2E75-4A08-9220-1DB9B8583CBE}.Debug|Any CPU.Build.0 = Debug|Any CPU
		{C0B8B3EC-2E75-4A08-9220-1DB9B8583CBE}.Debug|x64.ActiveCfg = Debug|Any CPU
		{C0B8B3EC-2E75-4A08-9220-1DB9B8583CBE}.Debug|x64.Build.0 = Debug|Any CPU
		{C0B8B3EC-2E75-4A08-9220-1DB9B8583CBE}.Debug|x86.ActiveCfg = Debug|Any CPU
		{C0B8B3EC-2E75-4A08-9220-1DB9B8583CBE}.Debug|x86.Build.0 = Debug|Any CPU
		{C0B8B3EC-2E75-4A08-9220-1DB9B8583CBE}.Debug-Minimal|Any CPU.ActiveCfg = Debug|Any CPU
		{C0B8B3EC-2E75-4A08-9220-1DB9B8583CBE}.Debug-Minimal|Any CPU.Build.0 = Debug|Any CPU
		{C0B8B3EC-2E75-4A08-9220-1DB9B8583CBE}.Debug-Minimal|x64.ActiveCfg = Debug|Any CPU
		{C0B8B3EC-2E75-4A08-9220-1DB9B8583CBE}.Debug-Minimal|x64.Build.0 = Debug|Any CPU
		{C0B8B3EC-2E75-4A08-9220-1DB9B8583CBE}.Debug-Minimal|x86.ActiveCfg = Debug|Any CPU
		{C0B8B3EC-2E75-4A08-9220-1DB9B8583CBE}.Debug-Minimal|x86.Build.0 = Debug|Any CPU
		{C0B8B3EC-2E75-4A08-9220-1DB9B8583CBE}.Publish|Any CPU.ActiveCfg = Release|Any CPU
		{C0B8B3EC-2E75-4A08-9220-1DB9B8583CBE}.Publish|Any CPU.Build.0 = Release|Any CPU
		{C0B8B3EC-2E75-4A08-9220-1DB9B8583CBE}.Publish|x64.ActiveCfg = Release|Any CPU
		{C0B8B3EC-2E75-4A08-9220-1DB9B8583CBE}.Publish|x64.Build.0 = Release|Any CPU
		{C0B8B3EC-2E75-4A08-9220-1DB9B8583CBE}.Publish|x86.ActiveCfg = Release|Any CPU
		{C0B8B3EC-2E75-4A08-9220-1DB9B8583CBE}.Publish|x86.Build.0 = Release|Any CPU
		{C0B8B3EC-2E75-4A08-9220-1DB9B8583CBE}.Release|Any CPU.ActiveCfg = Release|Any CPU
		{C0B8B3EC-2E75-4A08-9220-1DB9B8583CBE}.Release|Any CPU.Build.0 = Release|Any CPU
		{C0B8B3EC-2E75-4A08-9220-1DB9B8583CBE}.Release|x64.ActiveCfg = Release|Any CPU
		{C0B8B3EC-2E75-4A08-9220-1DB9B8583CBE}.Release|x64.Build.0 = Release|Any CPU
		{C0B8B3EC-2E75-4A08-9220-1DB9B8583CBE}.Release|x86.ActiveCfg = Release|Any CPU
		{C0B8B3EC-2E75-4A08-9220-1DB9B8583CBE}.Release|x86.Build.0 = Release|Any CPU
		{149F54F3-8396-443F-8DC6-672C7DB9C4AC}.Debug|Any CPU.ActiveCfg = Debug|Any CPU
		{149F54F3-8396-443F-8DC6-672C7DB9C4AC}.Debug|Any CPU.Build.0 = Debug|Any CPU
		{149F54F3-8396-443F-8DC6-672C7DB9C4AC}.Debug|x64.ActiveCfg = Debug|Any CPU
		{149F54F3-8396-443F-8DC6-672C7DB9C4AC}.Debug|x64.Build.0 = Debug|Any CPU
		{149F54F3-8396-443F-8DC6-672C7DB9C4AC}.Debug|x86.ActiveCfg = Debug|Any CPU
		{149F54F3-8396-443F-8DC6-672C7DB9C4AC}.Debug|x86.Build.0 = Debug|Any CPU
		{149F54F3-8396-443F-8DC6-672C7DB9C4AC}.Debug-Minimal|Any CPU.ActiveCfg = Debug|Any CPU
		{149F54F3-8396-443F-8DC6-672C7DB9C4AC}.Debug-Minimal|Any CPU.Build.0 = Debug|Any CPU
		{149F54F3-8396-443F-8DC6-672C7DB9C4AC}.Debug-Minimal|x64.ActiveCfg = Debug|Any CPU
		{149F54F3-8396-443F-8DC6-672C7DB9C4AC}.Debug-Minimal|x64.Build.0 = Debug|Any CPU
		{149F54F3-8396-443F-8DC6-672C7DB9C4AC}.Debug-Minimal|x86.ActiveCfg = Debug|Any CPU
		{149F54F3-8396-443F-8DC6-672C7DB9C4AC}.Debug-Minimal|x86.Build.0 = Debug|Any CPU
		{149F54F3-8396-443F-8DC6-672C7DB9C4AC}.Publish|Any CPU.ActiveCfg = Release|Any CPU
		{149F54F3-8396-443F-8DC6-672C7DB9C4AC}.Publish|Any CPU.Build.0 = Release|Any CPU
		{149F54F3-8396-443F-8DC6-672C7DB9C4AC}.Publish|x64.ActiveCfg = Release|Any CPU
		{149F54F3-8396-443F-8DC6-672C7DB9C4AC}.Publish|x64.Build.0 = Release|Any CPU
		{149F54F3-8396-443F-8DC6-672C7DB9C4AC}.Publish|x86.ActiveCfg = Release|Any CPU
		{149F54F3-8396-443F-8DC6-672C7DB9C4AC}.Publish|x86.Build.0 = Release|Any CPU
		{149F54F3-8396-443F-8DC6-672C7DB9C4AC}.Release|Any CPU.ActiveCfg = Release|Any CPU
		{149F54F3-8396-443F-8DC6-672C7DB9C4AC}.Release|Any CPU.Build.0 = Release|Any CPU
		{149F54F3-8396-443F-8DC6-672C7DB9C4AC}.Release|x64.ActiveCfg = Release|Any CPU
		{149F54F3-8396-443F-8DC6-672C7DB9C4AC}.Release|x64.Build.0 = Release|Any CPU
		{149F54F3-8396-443F-8DC6-672C7DB9C4AC}.Release|x86.ActiveCfg = Release|Any CPU
		{149F54F3-8396-443F-8DC6-672C7DB9C4AC}.Release|x86.Build.0 = Release|Any CPU
		{E35BC24B-0B25-4B28-B372-75BD67ECFC76}.Debug|Any CPU.ActiveCfg = Debug|Any CPU
		{E35BC24B-0B25-4B28-B372-75BD67ECFC76}.Debug|Any CPU.Build.0 = Debug|Any CPU
		{E35BC24B-0B25-4B28-B372-75BD67ECFC76}.Debug|x64.ActiveCfg = Debug|Any CPU
		{E35BC24B-0B25-4B28-B372-75BD67ECFC76}.Debug|x64.Build.0 = Debug|Any CPU
		{E35BC24B-0B25-4B28-B372-75BD67ECFC76}.Debug|x86.ActiveCfg = Debug|Any CPU
		{E35BC24B-0B25-4B28-B372-75BD67ECFC76}.Debug|x86.Build.0 = Debug|Any CPU
		{E35BC24B-0B25-4B28-B372-75BD67ECFC76}.Debug-Minimal|Any CPU.ActiveCfg = Debug|Any CPU
		{E35BC24B-0B25-4B28-B372-75BD67ECFC76}.Debug-Minimal|Any CPU.Build.0 = Debug|Any CPU
		{E35BC24B-0B25-4B28-B372-75BD67ECFC76}.Debug-Minimal|x64.ActiveCfg = Debug|Any CPU
		{E35BC24B-0B25-4B28-B372-75BD67ECFC76}.Debug-Minimal|x64.Build.0 = Debug|Any CPU
		{E35BC24B-0B25-4B28-B372-75BD67ECFC76}.Debug-Minimal|x86.ActiveCfg = Debug|Any CPU
		{E35BC24B-0B25-4B28-B372-75BD67ECFC76}.Debug-Minimal|x86.Build.0 = Debug|Any CPU
		{E35BC24B-0B25-4B28-B372-75BD67ECFC76}.Publish|Any CPU.ActiveCfg = Release|Any CPU
		{E35BC24B-0B25-4B28-B372-75BD67ECFC76}.Publish|Any CPU.Build.0 = Release|Any CPU
		{E35BC24B-0B25-4B28-B372-75BD67ECFC76}.Publish|x64.ActiveCfg = Release|Any CPU
		{E35BC24B-0B25-4B28-B372-75BD67ECFC76}.Publish|x64.Build.0 = Release|Any CPU
		{E35BC24B-0B25-4B28-B372-75BD67ECFC76}.Publish|x86.ActiveCfg = Release|Any CPU
		{E35BC24B-0B25-4B28-B372-75BD67ECFC76}.Publish|x86.Build.0 = Release|Any CPU
		{E35BC24B-0B25-4B28-B372-75BD67ECFC76}.Release|Any CPU.ActiveCfg = Release|Any CPU
		{E35BC24B-0B25-4B28-B372-75BD67ECFC76}.Release|Any CPU.Build.0 = Release|Any CPU
		{E35BC24B-0B25-4B28-B372-75BD67ECFC76}.Release|x64.ActiveCfg = Release|Any CPU
		{E35BC24B-0B25-4B28-B372-75BD67ECFC76}.Release|x64.Build.0 = Release|Any CPU
		{E35BC24B-0B25-4B28-B372-75BD67ECFC76}.Release|x86.ActiveCfg = Release|Any CPU
		{E35BC24B-0B25-4B28-B372-75BD67ECFC76}.Release|x86.Build.0 = Release|Any CPU
		{FD682AC0-7B2D-45D3-8B0D-C6D678B04144}.Debug|Any CPU.ActiveCfg = Debug|Any CPU
		{FD682AC0-7B2D-45D3-8B0D-C6D678B04144}.Debug|Any CPU.Build.0 = Debug|Any CPU
		{FD682AC0-7B2D-45D3-8B0D-C6D678B04144}.Debug|x64.ActiveCfg = Debug|x64
		{FD682AC0-7B2D-45D3-8B0D-C6D678B04144}.Debug|x64.Build.0 = Debug|x64
		{FD682AC0-7B2D-45D3-8B0D-C6D678B04144}.Debug|x86.ActiveCfg = Debug|Any CPU
		{FD682AC0-7B2D-45D3-8B0D-C6D678B04144}.Debug|x86.Build.0 = Debug|Any CPU
		{FD682AC0-7B2D-45D3-8B0D-C6D678B04144}.Debug-Minimal|Any CPU.ActiveCfg = Debug|Any CPU
		{FD682AC0-7B2D-45D3-8B0D-C6D678B04144}.Debug-Minimal|Any CPU.Build.0 = Debug|Any CPU
		{FD682AC0-7B2D-45D3-8B0D-C6D678B04144}.Debug-Minimal|x64.ActiveCfg = Debug|x64
		{FD682AC0-7B2D-45D3-8B0D-C6D678B04144}.Debug-Minimal|x64.Build.0 = Debug|x64
		{FD682AC0-7B2D-45D3-8B0D-C6D678B04144}.Debug-Minimal|x86.ActiveCfg = Debug|Any CPU
		{FD682AC0-7B2D-45D3-8B0D-C6D678B04144}.Debug-Minimal|x86.Build.0 = Debug|Any CPU
		{FD682AC0-7B2D-45D3-8B0D-C6D678B04144}.Publish|Any CPU.ActiveCfg = Release|Any CPU
		{FD682AC0-7B2D-45D3-8B0D-C6D678B04144}.Publish|Any CPU.Build.0 = Release|Any CPU
		{FD682AC0-7B2D-45D3-8B0D-C6D678B04144}.Publish|x64.ActiveCfg = Release|x64
		{FD682AC0-7B2D-45D3-8B0D-C6D678B04144}.Publish|x64.Build.0 = Release|x64
		{FD682AC0-7B2D-45D3-8B0D-C6D678B04144}.Publish|x86.ActiveCfg = Release|Any CPU
		{FD682AC0-7B2D-45D3-8B0D-C6D678B04144}.Publish|x86.Build.0 = Release|Any CPU
		{FD682AC0-7B2D-45D3-8B0D-C6D678B04144}.Release|Any CPU.ActiveCfg = Release|Any CPU
		{FD682AC0-7B2D-45D3-8B0D-C6D678B04144}.Release|Any CPU.Build.0 = Release|Any CPU
		{FD682AC0-7B2D-45D3-8B0D-C6D678B04144}.Release|x64.ActiveCfg = Release|x64
		{FD682AC0-7B2D-45D3-8B0D-C6D678B04144}.Release|x64.Build.0 = Release|x64
		{FD682AC0-7B2D-45D3-8B0D-C6D678B04144}.Release|x86.ActiveCfg = Release|Any CPU
		{FD682AC0-7B2D-45D3-8B0D-C6D678B04144}.Release|x86.Build.0 = Release|Any CPU
		{3A6EB896-604F-4E25-B677-B8103BCF3D2E}.Debug|Any CPU.ActiveCfg = Debug|Any CPU
		{3A6EB896-604F-4E25-B677-B8103BCF3D2E}.Debug|Any CPU.Build.0 = Debug|Any CPU
		{3A6EB896-604F-4E25-B677-B8103BCF3D2E}.Debug|x64.ActiveCfg = Debug|x64
		{3A6EB896-604F-4E25-B677-B8103BCF3D2E}.Debug|x64.Build.0 = Debug|x64
		{3A6EB896-604F-4E25-B677-B8103BCF3D2E}.Debug|x86.ActiveCfg = Debug|Any CPU
		{3A6EB896-604F-4E25-B677-B8103BCF3D2E}.Debug|x86.Build.0 = Debug|Any CPU
		{3A6EB896-604F-4E25-B677-B8103BCF3D2E}.Debug-Minimal|Any CPU.ActiveCfg = Debug|Any CPU
		{3A6EB896-604F-4E25-B677-B8103BCF3D2E}.Debug-Minimal|Any CPU.Build.0 = Debug|Any CPU
		{3A6EB896-604F-4E25-B677-B8103BCF3D2E}.Debug-Minimal|x64.ActiveCfg = Debug|x64
		{3A6EB896-604F-4E25-B677-B8103BCF3D2E}.Debug-Minimal|x64.Build.0 = Debug|x64
		{3A6EB896-604F-4E25-B677-B8103BCF3D2E}.Debug-Minimal|x86.ActiveCfg = Debug|Any CPU
		{3A6EB896-604F-4E25-B677-B8103BCF3D2E}.Debug-Minimal|x86.Build.0 = Debug|Any CPU
		{3A6EB896-604F-4E25-B677-B8103BCF3D2E}.Publish|Any CPU.ActiveCfg = Release|Any CPU
		{3A6EB896-604F-4E25-B677-B8103BCF3D2E}.Publish|Any CPU.Build.0 = Release|Any CPU
		{3A6EB896-604F-4E25-B677-B8103BCF3D2E}.Publish|x64.ActiveCfg = Release|x64
		{3A6EB896-604F-4E25-B677-B8103BCF3D2E}.Publish|x64.Build.0 = Release|x64
		{3A6EB896-604F-4E25-B677-B8103BCF3D2E}.Publish|x86.ActiveCfg = Release|Any CPU
		{3A6EB896-604F-4E25-B677-B8103BCF3D2E}.Publish|x86.Build.0 = Release|Any CPU
		{3A6EB896-604F-4E25-B677-B8103BCF3D2E}.Release|Any CPU.ActiveCfg = Release|Any CPU
		{3A6EB896-604F-4E25-B677-B8103BCF3D2E}.Release|Any CPU.Build.0 = Release|Any CPU
		{3A6EB896-604F-4E25-B677-B8103BCF3D2E}.Release|x64.ActiveCfg = Release|x64
		{3A6EB896-604F-4E25-B677-B8103BCF3D2E}.Release|x64.Build.0 = Release|x64
		{3A6EB896-604F-4E25-B677-B8103BCF3D2E}.Release|x86.ActiveCfg = Release|Any CPU
		{3A6EB896-604F-4E25-B677-B8103BCF3D2E}.Release|x86.Build.0 = Release|Any CPU
		{23C28035-2FCE-41F3-9A12-E73CE8A5AE32}.Debug|Any CPU.ActiveCfg = Debug|Any CPU
		{23C28035-2FCE-41F3-9A12-E73CE8A5AE32}.Debug|Any CPU.Build.0 = Debug|Any CPU
		{23C28035-2FCE-41F3-9A12-E73CE8A5AE32}.Debug|x64.ActiveCfg = Debug|x64
		{23C28035-2FCE-41F3-9A12-E73CE8A5AE32}.Debug|x64.Build.0 = Debug|x64
		{23C28035-2FCE-41F3-9A12-E73CE8A5AE32}.Debug|x86.ActiveCfg = Debug|Any CPU
		{23C28035-2FCE-41F3-9A12-E73CE8A5AE32}.Debug|x86.Build.0 = Debug|Any CPU
		{23C28035-2FCE-41F3-9A12-E73CE8A5AE32}.Debug-Minimal|Any CPU.ActiveCfg = Debug|Any CPU
		{23C28035-2FCE-41F3-9A12-E73CE8A5AE32}.Debug-Minimal|Any CPU.Build.0 = Debug|Any CPU
		{23C28035-2FCE-41F3-9A12-E73CE8A5AE32}.Debug-Minimal|x64.ActiveCfg = Debug|x64
		{23C28035-2FCE-41F3-9A12-E73CE8A5AE32}.Debug-Minimal|x64.Build.0 = Debug|x64
		{23C28035-2FCE-41F3-9A12-E73CE8A5AE32}.Debug-Minimal|x86.ActiveCfg = Debug|Any CPU
		{23C28035-2FCE-41F3-9A12-E73CE8A5AE32}.Debug-Minimal|x86.Build.0 = Debug|Any CPU
		{23C28035-2FCE-41F3-9A12-E73CE8A5AE32}.Publish|Any CPU.ActiveCfg = Release|Any CPU
		{23C28035-2FCE-41F3-9A12-E73CE8A5AE32}.Publish|Any CPU.Build.0 = Release|Any CPU
		{23C28035-2FCE-41F3-9A12-E73CE8A5AE32}.Publish|x64.ActiveCfg = Release|x64
		{23C28035-2FCE-41F3-9A12-E73CE8A5AE32}.Publish|x64.Build.0 = Release|x64
		{23C28035-2FCE-41F3-9A12-E73CE8A5AE32}.Publish|x86.ActiveCfg = Release|Any CPU
		{23C28035-2FCE-41F3-9A12-E73CE8A5AE32}.Publish|x86.Build.0 = Release|Any CPU
		{23C28035-2FCE-41F3-9A12-E73CE8A5AE32}.Release|Any CPU.ActiveCfg = Release|Any CPU
		{23C28035-2FCE-41F3-9A12-E73CE8A5AE32}.Release|Any CPU.Build.0 = Release|Any CPU
		{23C28035-2FCE-41F3-9A12-E73CE8A5AE32}.Release|x64.ActiveCfg = Release|x64
		{23C28035-2FCE-41F3-9A12-E73CE8A5AE32}.Release|x64.Build.0 = Release|x64
		{23C28035-2FCE-41F3-9A12-E73CE8A5AE32}.Release|x86.ActiveCfg = Release|Any CPU
		{23C28035-2FCE-41F3-9A12-E73CE8A5AE32}.Release|x86.Build.0 = Release|Any CPU
		{6268B461-486A-460B-9B3C-86493CBBAAF7}.Debug|Any CPU.ActiveCfg = Debug|Any CPU
		{6268B461-486A-460B-9B3C-86493CBBAAF7}.Debug|Any CPU.Build.0 = Debug|Any CPU
		{6268B461-486A-460B-9B3C-86493CBBAAF7}.Debug|x64.ActiveCfg = Debug|x64
		{6268B461-486A-460B-9B3C-86493CBBAAF7}.Debug|x64.Build.0 = Debug|x64
		{6268B461-486A-460B-9B3C-86493CBBAAF7}.Debug|x86.ActiveCfg = Debug|Any CPU
		{6268B461-486A-460B-9B3C-86493CBBAAF7}.Debug|x86.Build.0 = Debug|Any CPU
		{6268B461-486A-460B-9B3C-86493CBBAAF7}.Debug-Minimal|Any CPU.ActiveCfg = Debug|Any CPU
		{6268B461-486A-460B-9B3C-86493CBBAAF7}.Debug-Minimal|Any CPU.Build.0 = Debug|Any CPU
		{6268B461-486A-460B-9B3C-86493CBBAAF7}.Debug-Minimal|x64.ActiveCfg = Debug|x64
		{6268B461-486A-460B-9B3C-86493CBBAAF7}.Debug-Minimal|x64.Build.0 = Debug|x64
		{6268B461-486A-460B-9B3C-86493CBBAAF7}.Debug-Minimal|x86.ActiveCfg = Debug|Any CPU
		{6268B461-486A-460B-9B3C-86493CBBAAF7}.Debug-Minimal|x86.Build.0 = Debug|Any CPU
		{6268B461-486A-460B-9B3C-86493CBBAAF7}.Publish|Any CPU.ActiveCfg = Release|Any CPU
		{6268B461-486A-460B-9B3C-86493CBBAAF7}.Publish|Any CPU.Build.0 = Release|Any CPU
		{6268B461-486A-460B-9B3C-86493CBBAAF7}.Publish|x64.ActiveCfg = Release|x64
		{6268B461-486A-460B-9B3C-86493CBBAAF7}.Publish|x64.Build.0 = Release|x64
		{6268B461-486A-460B-9B3C-86493CBBAAF7}.Publish|x86.ActiveCfg = Release|Any CPU
		{6268B461-486A-460B-9B3C-86493CBBAAF7}.Publish|x86.Build.0 = Release|Any CPU
		{6268B461-486A-460B-9B3C-86493CBBAAF7}.Release|Any CPU.ActiveCfg = Release|Any CPU
		{6268B461-486A-460B-9B3C-86493CBBAAF7}.Release|Any CPU.Build.0 = Release|Any CPU
		{6268B461-486A-460B-9B3C-86493CBBAAF7}.Release|x64.ActiveCfg = Release|x64
		{6268B461-486A-460B-9B3C-86493CBBAAF7}.Release|x64.Build.0 = Release|x64
		{6268B461-486A-460B-9B3C-86493CBBAAF7}.Release|x86.ActiveCfg = Release|Any CPU
		{6268B461-486A-460B-9B3C-86493CBBAAF7}.Release|x86.Build.0 = Release|Any CPU
		{EB92DD90-6346-41FB-B967-2B33A860AD98}.Debug|Any CPU.ActiveCfg = Debug|Any CPU
		{EB92DD90-6346-41FB-B967-2B33A860AD98}.Debug|Any CPU.Build.0 = Debug|Any CPU
		{EB92DD90-6346-41FB-B967-2B33A860AD98}.Debug|x64.ActiveCfg = Debug|x64
		{EB92DD90-6346-41FB-B967-2B33A860AD98}.Debug|x64.Build.0 = Debug|x64
		{EB92DD90-6346-41FB-B967-2B33A860AD98}.Debug|x86.ActiveCfg = Debug|Any CPU
		{EB92DD90-6346-41FB-B967-2B33A860AD98}.Debug|x86.Build.0 = Debug|Any CPU
		{EB92DD90-6346-41FB-B967-2B33A860AD98}.Debug-Minimal|Any CPU.ActiveCfg = Debug|Any CPU
		{EB92DD90-6346-41FB-B967-2B33A860AD98}.Debug-Minimal|Any CPU.Build.0 = Debug|Any CPU
		{EB92DD90-6346-41FB-B967-2B33A860AD98}.Debug-Minimal|x64.ActiveCfg = Debug|x64
		{EB92DD90-6346-41FB-B967-2B33A860AD98}.Debug-Minimal|x64.Build.0 = Debug|x64
		{EB92DD90-6346-41FB-B967-2B33A860AD98}.Debug-Minimal|x86.ActiveCfg = Debug|Any CPU
		{EB92DD90-6346-41FB-B967-2B33A860AD98}.Debug-Minimal|x86.Build.0 = Debug|Any CPU
		{EB92DD90-6346-41FB-B967-2B33A860AD98}.Publish|Any CPU.ActiveCfg = Release|Any CPU
		{EB92DD90-6346-41FB-B967-2B33A860AD98}.Publish|Any CPU.Build.0 = Release|Any CPU
		{EB92DD90-6346-41FB-B967-2B33A860AD98}.Publish|x64.ActiveCfg = Release|x64
		{EB92DD90-6346-41FB-B967-2B33A860AD98}.Publish|x64.Build.0 = Release|x64
		{EB92DD90-6346-41FB-B967-2B33A860AD98}.Publish|x86.ActiveCfg = Release|Any CPU
		{EB92DD90-6346-41FB-B967-2B33A860AD98}.Publish|x86.Build.0 = Release|Any CPU
		{EB92DD90-6346-41FB-B967-2B33A860AD98}.Release|Any CPU.ActiveCfg = Release|Any CPU
		{EB92DD90-6346-41FB-B967-2B33A860AD98}.Release|Any CPU.Build.0 = Release|Any CPU
		{EB92DD90-6346-41FB-B967-2B33A860AD98}.Release|x64.ActiveCfg = Release|x64
		{EB92DD90-6346-41FB-B967-2B33A860AD98}.Release|x64.Build.0 = Release|x64
		{EB92DD90-6346-41FB-B967-2B33A860AD98}.Release|x86.ActiveCfg = Release|Any CPU
		{EB92DD90-6346-41FB-B967-2B33A860AD98}.Release|x86.Build.0 = Release|Any CPU
		{03F06299-3F4B-4449-A709-3A647657BC0C}.Debug|Any CPU.ActiveCfg = Debug|Any CPU
		{03F06299-3F4B-4449-A709-3A647657BC0C}.Debug|Any CPU.Build.0 = Debug|Any CPU
		{03F06299-3F4B-4449-A709-3A647657BC0C}.Debug|x64.ActiveCfg = Debug|Any CPU
		{03F06299-3F4B-4449-A709-3A647657BC0C}.Debug|x64.Build.0 = Debug|Any CPU
		{03F06299-3F4B-4449-A709-3A647657BC0C}.Debug|x86.ActiveCfg = Debug|Any CPU
		{03F06299-3F4B-4449-A709-3A647657BC0C}.Debug|x86.Build.0 = Debug|Any CPU
		{03F06299-3F4B-4449-A709-3A647657BC0C}.Debug-Minimal|Any CPU.ActiveCfg = Debug|Any CPU
		{03F06299-3F4B-4449-A709-3A647657BC0C}.Debug-Minimal|Any CPU.Build.0 = Debug|Any CPU
		{03F06299-3F4B-4449-A709-3A647657BC0C}.Debug-Minimal|x64.ActiveCfg = Debug|Any CPU
		{03F06299-3F4B-4449-A709-3A647657BC0C}.Debug-Minimal|x64.Build.0 = Debug|Any CPU
		{03F06299-3F4B-4449-A709-3A647657BC0C}.Debug-Minimal|x86.ActiveCfg = Debug|Any CPU
		{03F06299-3F4B-4449-A709-3A647657BC0C}.Debug-Minimal|x86.Build.0 = Debug|Any CPU
		{03F06299-3F4B-4449-A709-3A647657BC0C}.Publish|Any CPU.ActiveCfg = Debug|Any CPU
		{03F06299-3F4B-4449-A709-3A647657BC0C}.Publish|Any CPU.Build.0 = Debug|Any CPU
		{03F06299-3F4B-4449-A709-3A647657BC0C}.Publish|x64.ActiveCfg = Debug|Any CPU
		{03F06299-3F4B-4449-A709-3A647657BC0C}.Publish|x64.Build.0 = Debug|Any CPU
		{03F06299-3F4B-4449-A709-3A647657BC0C}.Publish|x86.ActiveCfg = Debug|Any CPU
		{03F06299-3F4B-4449-A709-3A647657BC0C}.Publish|x86.Build.0 = Debug|Any CPU
		{03F06299-3F4B-4449-A709-3A647657BC0C}.Release|Any CPU.ActiveCfg = Release|Any CPU
		{03F06299-3F4B-4449-A709-3A647657BC0C}.Release|Any CPU.Build.0 = Release|Any CPU
		{03F06299-3F4B-4449-A709-3A647657BC0C}.Release|x64.ActiveCfg = Release|Any CPU
		{03F06299-3F4B-4449-A709-3A647657BC0C}.Release|x64.Build.0 = Release|Any CPU
		{03F06299-3F4B-4449-A709-3A647657BC0C}.Release|x86.ActiveCfg = Release|Any CPU
		{03F06299-3F4B-4449-A709-3A647657BC0C}.Release|x86.Build.0 = Release|Any CPU
	EndGlobalSection
	GlobalSection(SolutionProperties) = preSolution
		HideSolutionNode = FALSE
	EndGlobalSection
	GlobalSection(NestedProjects) = preSolution
		{C0B8B3EC-2E75-4A08-9220-1DB9B8583CBE} = {25738B6F-DB05-4AC0-9DC9-D54A6F6CF5A2}
		{149F54F3-8396-443F-8DC6-672C7DB9C4AC} = {25738B6F-DB05-4AC0-9DC9-D54A6F6CF5A2}
		{E35BC24B-0B25-4B28-B372-75BD67ECFC76} = {E9BC95B2-B399-4116-8B76-68796391818E}
		{E9BC95B2-B399-4116-8B76-68796391818E} = {25738B6F-DB05-4AC0-9DC9-D54A6F6CF5A2}
		{FD682AC0-7B2D-45D3-8B0D-C6D678B04144} = {8996682B-E0BE-4098-AA42-0B3F791183EC}
		{3A6EB896-604F-4E25-B677-B8103BCF3D2E} = {8996682B-E0BE-4098-AA42-0B3F791183EC}
		{23C28035-2FCE-41F3-9A12-E73CE8A5AE32} = {8996682B-E0BE-4098-AA42-0B3F791183EC}
		{6268B461-486A-460B-9B3C-86493CBBAAF7} = {8996682B-E0BE-4098-AA42-0B3F791183EC}
		{EB92DD90-6346-41FB-B967-2B33A860AD98} = {8996682B-E0BE-4098-AA42-0B3F791183EC}
		{03F06299-3F4B-4449-A709-3A647657BC0C} = {8996682B-E0BE-4098-AA42-0B3F791183EC}
	EndGlobalSection
	GlobalSection(ExtensibilityGlobals) = postSolution
		SolutionGuid = {2DEAD3CC-486B-4918-A607-50B0DE7B114A}
	EndGlobalSection
EndGlobal
